
Microsoft Visual Studio Solution File, Format Version 12.00
# Visual Studio Version 17
VisualStudioVersion = 17.4.33403.182
MinimumVisualStudioVersion = 10.0.40219.1
Project("{FAE04EC0-301F-11D3-BF4B-00C04F79EFBC}") = "GR.Framework.Autofac", "src\GR.Framework.Autofac\GR.Framework.Autofac.csproj", "{0A011857-7578-4B69-A992-A86905DD2B1C}"
EndProject
Global
	GlobalSection(SolutionConfigurationPlatforms) = preSolution
		Debug|Any CPU = Debug|Any CPU
		Release|Any CPU = Release|Any CPU
	EndGlobalSection
	GlobalSection(ProjectConfigurationPlatforms) = postSolution
		{0A011857-7578-4B69-A992-A86905DD2B1C}.Debug|Any CPU.ActiveCfg = Debug|Any CPU
		{0A011857-7578-4B69-A992-A86905DD2B1C}.Debug|Any CPU.Build.0 = Debug|Any CPU
		{0A011857-7578-4B69-A992-A86905DD2B1C}.Release|Any CPU.ActiveCfg = Release|Any CPU
		{0A011857-7578-4B69-A992-A86905DD2B1C}.Release|Any CPU.Build.0 = Release|Any CPU
	EndGlobalSection
	GlobalSection(SolutionProperties) = preSolution
		HideSolutionNode = FALSE
	EndGlobalSection
	GlobalSection(ExtensibilityGlobals) = postSolution
		SolutionGuid = {93788C8A-2A2C-470A-AA62-D9B11794C68D}
	EndGlobalSection
EndGlobal
