
Microsoft Visual Studio Solution File, Format Version 12.00
# Visual Studio Version 17
VisualStudioVersion = 17.4.33403.182
MinimumVisualStudioVersion = 10.0.40219.1
Project("{2150E333-8FDC-42A3-9474-1A3956D46DE8}") = "src", "src", "{4E4ECCCF-19A9-4DEF-AB12-12DB9BC586C9}"
EndProject
Project("{9A19103F-16F7-4668-BE54-9A1E7A4F7556}") = "GR.Autofac", "src\GR.Autofac\GR.Autofac.csproj", "{515D8586-B90C-49D6-9B1F-0F9B8E0ABFFA}"
EndProject
Project("{9A19103F-16F7-4668-BE54-9A1E7A4F7556}") = "GR.AutoMapper", "src\GR.AutoMapper\GR.AutoMapper.csproj", "{BDC475B7-00C0-4265-B4D6-666441256247}"
EndProject
Project("{9A19103F-16F7-4668-BE54-9A1E7A4F7556}") = "GR.Swagger.NSwag", "src\GR.Swagger.NSwag\GR.Swagger.NSwag.csproj", "{BAEE15FA-2E96-4D56-8147-0F8B88204A5D}"
EndProject
Project("{2150E333-8FDC-42A3-9474-1A3956D46DE8}") = "tests", "tests", "{2E2AC7BB-C43F-4C38-9EA1-BED0E99CC892}"
EndProject
Project("{9A19103F-16F7-4668-BE54-9A1E7A4F7556}") = "GR.Core", "src\GR.Core\GR.Core.csproj", "{B2C38CEA-C3B5-4593-9666-F5E1A252C1D5}"
EndProject
Project("{9A19103F-16F7-4668-BE54-9A1E7A4F7556}") = "GR.Http", "src\GR.Http\GR.Http.csproj", "{5DBF52B4-C0BD-4075-AE18-0A71CAE89CEC}"
EndProject
Project("{FAE04EC0-301F-11D3-BF4B-00C04F79EFBC}") = "GR.Logger.Serilog", "src\GR.Logger.Serilog\GR.Logger.Serilog.csproj", "{C1A69147-56C6-448E-B128-C8CDB8CFFA30}"
EndProject
Project("{FAE04EC0-301F-11D3-BF4B-00C04F79EFBC}") = "GR.StackExchangeRedis", "src\GR.StackExchangeRedis\GR.StackExchangeRedis.csproj", "{019FB2DE-BB86-4E08-865E-60E412D129BB}"
EndProject
Project("{FAE04EC0-301F-11D3-BF4B-00C04F79EFBC}") = "GR.Dapper", "src\GR.Dapper\GR.Dapper.csproj", "{99F32F62-DE79-4929-9DE4-DB8981DDC9EF}"
EndProject
Global
	GlobalSection(SolutionConfigurationPlatforms) = preSolution
		Debug|Any CPU = Debug|Any CPU
		Release|Any CPU = Release|Any CPU
	EndGlobalSection
	GlobalSection(ProjectConfigurationPlatforms) = postSolution
		{515D8586-B90C-49D6-9B1F-0F9B8E0ABFFA}.Debug|Any CPU.ActiveCfg = Debug|Any CPU
		{515D8586-B90C-49D6-9B1F-0F9B8E0ABFFA}.Debug|Any CPU.Build.0 = Debug|Any CPU
		{515D8586-B90C-49D6-9B1F-0F9B8E0ABFFA}.Release|Any CPU.ActiveCfg = Release|Any CPU
		{515D8586-B90C-49D6-9B1F-0F9B8E0ABFFA}.Release|Any CPU.Build.0 = Release|Any CPU
		{BDC475B7-00C0-4265-B4D6-666441256247}.Debug|Any CPU.ActiveCfg = Debug|Any CPU
		{BDC475B7-00C0-4265-B4D6-666441256247}.Debug|Any CPU.Build.0 = Debug|Any CPU
		{BDC475B7-00C0-4265-B4D6-666441256247}.Release|Any CPU.ActiveCfg = Release|Any CPU
		{BDC475B7-00C0-4265-B4D6-666441256247}.Release|Any CPU.Build.0 = Release|Any CPU
		{BAEE15FA-2E96-4D56-8147-0F8B88204A5D}.Debug|Any CPU.ActiveCfg = Debug|Any CPU
		{BAEE15FA-2E96-4D56-8147-0F8B88204A5D}.Debug|Any CPU.Build.0 = Debug|Any CPU
		{BAEE15FA-2E96-4D56-8147-0F8B88204A5D}.Release|Any CPU.ActiveCfg = Release|Any CPU
		{BAEE15FA-2E96-4D56-8147-0F8B88204A5D}.Release|Any CPU.Build.0 = Release|Any CPU
		{B2C38CEA-C3B5-4593-9666-F5E1A252C1D5}.Debug|Any CPU.ActiveCfg = Debug|Any CPU
		{B2C38CEA-C3B5-4593-9666-F5E1A252C1D5}.Debug|Any CPU.Build.0 = Debug|Any CPU
		{B2C38CEA-C3B5-4593-9666-F5E1A252C1D5}.Release|Any CPU.ActiveCfg = Release|Any CPU
		{B2C38CEA-C3B5-4593-9666-F5E1A252C1D5}.Release|Any CPU.Build.0 = Release|Any CPU
		{5DBF52B4-C0BD-4075-AE18-0A71CAE89CEC}.Debug|Any CPU.ActiveCfg = Debug|Any CPU
		{5DBF52B4-C0BD-4075-AE18-0A71CAE89CEC}.Debug|Any CPU.Build.0 = Debug|Any CPU
		{5DBF52B4-C0BD-4075-AE18-0A71CAE89CEC}.Release|Any CPU.ActiveCfg = Release|Any CPU
		{5DBF52B4-C0BD-4075-AE18-0A71CAE89CEC}.Release|Any CPU.Build.0 = Release|Any CPU
		{C1A69147-56C6-448E-B128-C8CDB8CFFA30}.Debug|Any CPU.ActiveCfg = Debug|Any CPU
		{C1A69147-56C6-448E-B128-C8CDB8CFFA30}.Debug|Any CPU.Build.0 = Debug|Any CPU
		{C1A69147-56C6-448E-B128-C8CDB8CFFA30}.Release|Any CPU.ActiveCfg = Release|Any CPU
		{C1A69147-56C6-448E-B128-C8CDB8CFFA30}.Release|Any CPU.Build.0 = Release|Any CPU
		{019FB2DE-BB86-4E08-865E-60E412D129BB}.Debug|Any CPU.ActiveCfg = Debug|Any CPU
		{019FB2DE-BB86-4E08-865E-60E412D129BB}.Debug|Any CPU.Build.0 = Debug|Any CPU
		{019FB2DE-BB86-4E08-865E-60E412D129BB}.Release|Any CPU.ActiveCfg = Release|Any CPU
		{019FB2DE-BB86-4E08-865E-60E412D129BB}.Release|Any CPU.Build.0 = Release|Any CPU
		{99F32F62-DE79-4929-9DE4-DB8981DDC9EF}.Debug|Any CPU.ActiveCfg = Debug|Any CPU
		{99F32F62-DE79-4929-9DE4-DB8981DDC9EF}.Debug|Any CPU.Build.0 = Debug|Any CPU
		{99F32F62-DE79-4929-9DE4-DB8981DDC9EF}.Release|Any CPU.ActiveCfg = Release|Any CPU
		{99F32F62-DE79-4929-9DE4-DB8981DDC9EF}.Release|Any CPU.Build.0 = Release|Any CPU
	EndGlobalSection
	GlobalSection(SolutionProperties) = preSolution
		HideSolutionNode = FALSE
	EndGlobalSection
	GlobalSection(NestedProjects) = preSolution
		{515D8586-B90C-49D6-9B1F-0F9B8E0ABFFA} = {4E4ECCCF-19A9-4DEF-AB12-12DB9BC586C9}
		{BDC475B7-00C0-4265-B4D6-666441256247} = {4E4ECCCF-19A9-4DEF-AB12-12DB9BC586C9}
		{BAEE15FA-2E96-4D56-8147-0F8B88204A5D} = {4E4ECCCF-19A9-4DEF-AB12-12DB9BC586C9}
		{B2C38CEA-C3B5-4593-9666-F5E1A252C1D5} = {4E4ECCCF-19A9-4DEF-AB12-12DB9BC586C9}
		{5DBF52B4-C0BD-4075-AE18-0A71CAE89CEC} = {4E4ECCCF-19A9-4DEF-AB12-12DB9BC586C9}
		{C1A69147-56C6-448E-B128-C8CDB8CFFA30} = {4E4ECCCF-19A9-4DEF-AB12-12DB9BC586C9}
		{019FB2DE-BB86-4E08-865E-60E412D129BB} = {4E4ECCCF-19A9-4DEF-AB12-12DB9BC586C9}
		{99F32F62-DE79-4929-9DE4-DB8981DDC9EF} = {4E4ECCCF-19A9-4DEF-AB12-12DB9BC586C9}
	EndGlobalSection
	GlobalSection(ExtensibilityGlobals) = postSolution
		SolutionGuid = {93788C8A-2A2C-470A-AA62-D9B11794C68D}
	EndGlobalSection
EndGlobal
